
Microsoft Visual Studio Solution File, Format Version 12.00
# Visual Studio Version 17
VisualStudioVersion = 17.5.33530.505
MinimumVisualStudioVersion = 10.0.40219.1
Project("{9A19103F-16F7-4668-BE54-9A1E7A4F7556}") = "FilterTable", "FilterTable\FilterTable.csproj", "{5E3CD152-E02A-4DF5-84F9-E199556A6D27}"
EndProject
Project("{9A19103F-16F7-4668-BE54-9A1E7A4F7556}") = "FilterTableExample", "FilterTableExample\FilterTableExample.csproj", "{6F51312C-0787-4313-9538-FBF30C2398BB}"
EndProject
Global
	GlobalSection(SolutionConfigurationPlatforms) = preSolution
		Debug|Any CPU = Debug|Any CPU
		Release|Any CPU = Release|Any CPU
	EndGlobalSection
	GlobalSection(ProjectConfigurationPlatforms) = postSolution
		{5E3CD152-E02A-4DF5-84F9-E199556A6D27}.Debug|Any CPU.ActiveCfg = Debug|Any CPU
		{5E3CD152-E02A-4DF5-84F9-E199556A6D27}.Debug|Any CPU.Build.0 = Debug|Any CPU
		{5E3CD152-E02A-4DF5-84F9-E199556A6D27}.Release|Any CPU.ActiveCfg = Release|Any CPU
		{5E3CD152-E02A-4DF5-84F9-E199556A6D27}.Release|Any CPU.Build.0 = Release|Any CPU
		{6F51312C-0787-4313-9538-FBF30C2398BB}.Debug|Any CPU.ActiveCfg = Debug|Any CPU
		{6F51312C-0787-4313-9538-FBF30C2398BB}.Debug|Any CPU.Build.0 = Debug|Any CPU
		{6F51312C-0787-4313-9538-FBF30C2398BB}.Release|Any CPU.ActiveCfg = Release|Any CPU
		{6F51312C-0787-4313-9538-FBF30C2398BB}.Release|Any CPU.Build.0 = Release|Any CPU
	EndGlobalSection
	GlobalSection(SolutionProperties) = preSolution
		HideSolutionNode = FALSE
	EndGlobalSection
	GlobalSection(ExtensibilityGlobals) = postSolution
		SolutionGuid = {5DB76AAA-AED4-463B-B537-9829774869CF}
	EndGlobalSection
EndGlobal
